
Microsoft Visual Studio Solution File, Format Version 12.00
# Visual Studio 14
VisualStudioVersion = 14.0.25420.1
MinimumVisualStudioVersion = 10.0.40219.1
Project("{FAE04EC0-301F-11D3-BF4B-00C04F79EFBC}") = "Ladybugs", "Ladybugs\Ladybugs.csproj", "{CDF7FB4E-940A-4597-BDF6-3407BC665C36}"
EndProject
Project("{FAE04EC0-301F-11D3-BF4B-00C04F79EFBC}") = "CharityMarathon", "CharityMarathon\CharityMarathon.csproj", "{55B87906-3841-437E-BD5E-1DE2969DF843}"
EndProject
Project("{FAE04EC0-301F-11D3-BF4B-00C04F79EFBC}") = "NetherRealms", "NetherRealms\NetherRealms.csproj", "{0ADF0CCB-32BD-41DB-9B89-AA904CEB70EB}"
EndProject
Project("{FAE04EC0-301F-11D3-BF4B-00C04F79EFBC}") = "RoliTheCoder", "RoliTheCoder\RoliTheCoder.csproj", "{F956F8EF-6540-4E7B-8070-30CD403AC370}"
EndProject
Global
	GlobalSection(SolutionConfigurationPlatforms) = preSolution
		Debug|Any CPU = Debug|Any CPU
		Release|Any CPU = Release|Any CPU
	EndGlobalSection
	GlobalSection(ProjectConfigurationPlatforms) = postSolution
		{CDF7FB4E-940A-4597-BDF6-3407BC665C36}.Debug|Any CPU.ActiveCfg = Debug|Any CPU
		{CDF7FB4E-940A-4597-BDF6-3407BC665C36}.Debug|Any CPU.Build.0 = Debug|Any CPU
		{CDF7FB4E-940A-4597-BDF6-3407BC665C36}.Release|Any CPU.ActiveCfg = Release|Any CPU
		{CDF7FB4E-940A-4597-BDF6-3407BC665C36}.Release|Any CPU.Build.0 = Release|Any CPU
		{55B87906-3841-437E-BD5E-1DE2969DF843}.Debug|Any CPU.ActiveCfg = Debug|Any CPU
		{55B87906-3841-437E-BD5E-1DE2969DF843}.Debug|Any CPU.Build.0 = Debug|Any CPU
		{55B87906-3841-437E-BD5E-1DE2969DF843}.Release|Any CPU.ActiveCfg = Release|Any CPU
		{55B87906-3841-437E-BD5E-1DE2969DF843}.Release|Any CPU.Build.0 = Release|Any CPU
		{0ADF0CCB-32BD-41DB-9B89-AA904CEB70EB}.Debug|Any CPU.ActiveCfg = Debug|Any CPU
		{0ADF0CCB-32BD-41DB-9B89-AA904CEB70EB}.Debug|Any CPU.Build.0 = Debug|Any CPU
		{0ADF0CCB-32BD-41DB-9B89-AA904CEB70EB}.Release|Any CPU.ActiveCfg = Release|Any CPU
		{0ADF0CCB-32BD-41DB-9B89-AA904CEB70EB}.Release|Any CPU.Build.0 = Release|Any CPU
		{F956F8EF-6540-4E7B-8070-30CD403AC370}.Debug|Any CPU.ActiveCfg = Debug|Any CPU
		{F956F8EF-6540-4E7B-8070-30CD403AC370}.Debug|Any CPU.Build.0 = Debug|Any CPU
		{F956F8EF-6540-4E7B-8070-30CD403AC370}.Release|Any CPU.ActiveCfg = Release|Any CPU
		{F956F8EF-6540-4E7B-8070-30CD403AC370}.Release|Any CPU.Build.0 = Release|Any CPU
	EndGlobalSection
	GlobalSection(SolutionProperties) = preSolution
		HideSolutionNode = FALSE
	EndGlobalSection
EndGlobal
