
Microsoft Visual Studio Solution File, Format Version 12.00
# Visual Studio 14
VisualStudioVersion = 14.0.25420.1
MinimumVisualStudioVersion = 10.0.40219.1
Project("{FAE04EC0-301F-11D3-BF4B-00C04F79EFBC}") = "IntegerNumbers", "IntegerNumbers\IntegerNumbers.csproj", "{8E5F4DE7-9CB3-4BFD-88BA-99E3B50EFF5B}"
EndProject
Project("{FAE04EC0-301F-11D3-BF4B-00C04F79EFBC}") = "FloatNumbers", "FloatNumbers\FloatNumbers.csproj", "{7440A6CF-D2FF-4BE6-BF5D-526F17988B25}"
EndProject
Project("{FAE04EC0-301F-11D3-BF4B-00C04F79EFBC}") = "CharAndString", "CharAndString\CharAndString.csproj", "{BB55583F-EC78-4FD1-9752-83C69CE54D5B}"
EndProject
Project("{FAE04EC0-301F-11D3-BF4B-00C04F79EFBC}") = "TheaPhoto", "TheaPhoto\TheaPhoto.csproj", "{BA29614B-F141-48BA-8C62-2FACCDBE52C7}"
EndProject
Project("{FAE04EC0-301F-11D3-BF4B-00C04F79EFBC}") = "HexToInteger", "HexToInteger\HexToInteger.csproj", "{3CCE7A02-12E1-4D92-A8C3-17978F0A27AB}"
EndProject
Project("{FAE04EC0-301F-11D3-BF4B-00C04F79EFBC}") = "BooleanVariable", "BooleanVariable\BooleanVariable.csproj", "{168ABA98-B7DB-4406-BBB7-D9704F877CB4}"
EndProject
Project("{FAE04EC0-301F-11D3-BF4B-00C04F79EFBC}") = "StringsAndObjects", "StringsAndObjects\StringsAndObjects.csproj", "{6EEB85AA-01C6-43A5-BD46-AB638BA33440}"
EndProject
Project("{FAE04EC0-301F-11D3-BF4B-00C04F79EFBC}") = "ExchangeVariable", "ExchangeVariable\ExchangeVariable.csproj", "{6E560BA7-5B0E-45BF-9021-B1636B8054B9}"
EndProject
Project("{FAE04EC0-301F-11D3-BF4B-00C04F79EFBC}") = "EmployeeData", "EmployeeData\EmployeeData.csproj", "{9C1A11D4-7DFF-4A65-86CC-8FF5E4937DA8}"
EndProject
Project("{FAE04EC0-301F-11D3-BF4B-00C04F79EFBC}") = "ReverseChar", "ReverseChar\ReverseChar.csproj", "{614FB5EF-5D9D-445B-A184-FF8C97AB8664}"
EndProject
Project("{FAE04EC0-301F-11D3-BF4B-00C04F79EFBC}") = "CenturiesToNanoseconds", "CenturiesToNanoseconds\CenturiesToNanoseconds.csproj", "{0B70678E-0E83-439C-B0AE-66C7C357CA54}"
EndProject
Project("{FAE04EC0-301F-11D3-BF4B-00C04F79EFBC}") = "ConvertSpeedUnits", "ConvertSpeedUnits\ConvertSpeedUnits.csproj", "{85DA9747-A9DE-4574-A144-A41F3ADBC929}"
EndProject
Project("{FAE04EC0-301F-11D3-BF4B-00C04F79EFBC}") = "PracticeIntegers", "PracticeIntegers\PracticeIntegers.csproj", "{05047118-38C3-43EB-A8E4-7FD2219EC8C5}"
EndProject
Project("{FAE04EC0-301F-11D3-BF4B-00C04F79EFBC}") = "VowelDigit", "VowelDigit\VowelDigit.csproj", "{297060DD-0161-41C8-8AB2-91D1AF1C8503}"
EndProject
Project("{FAE04EC0-301F-11D3-BF4B-00C04F79EFBC}") = "IntToHexAndBin", "IntToHexAndBin\IntToHexAndBin.csproj", "{9532F38B-9221-4D35-882E-F9CBF6D3BBFF}"
EndProject
Project("{FAE04EC0-301F-11D3-BF4B-00C04F79EFBC}") = "PrimeChecker", "PrimeChecker\PrimeChecker.csproj", "{0367EAC3-C9EA-464B-9AE2-63448C401C97}"
EndProject
Project("{FAE04EC0-301F-11D3-BF4B-00C04F79EFBC}") = "CompareFloats", "CompareFloats\CompareFloats.csproj", "{1FA9D4DC-8D2B-4597-B62F-626DC55C17DE}"
EndProject
Project("{FAE04EC0-301F-11D3-BF4B-00C04F79EFBC}") = "PrintASCII", "PrintASCII\PrintASCII.csproj", "{69E6F8B4-EC7A-4077-B7E9-F2B13BFF0B94}"
EndProject
Project("{FAE04EC0-301F-11D3-BF4B-00C04F79EFBC}") = "DifferentIntSize", "DifferentIntSize\DifferentIntSize.csproj", "{361A5B15-CFE6-4697-8764-319B4A2842F4}"
EndProject
Global
	GlobalSection(SolutionConfigurationPlatforms) = preSolution
		Debug|Any CPU = Debug|Any CPU
		Release|Any CPU = Release|Any CPU
	EndGlobalSection
	GlobalSection(ProjectConfigurationPlatforms) = postSolution
		{8E5F4DE7-9CB3-4BFD-88BA-99E3B50EFF5B}.Debug|Any CPU.ActiveCfg = Debug|Any CPU
		{8E5F4DE7-9CB3-4BFD-88BA-99E3B50EFF5B}.Debug|Any CPU.Build.0 = Debug|Any CPU
		{8E5F4DE7-9CB3-4BFD-88BA-99E3B50EFF5B}.Release|Any CPU.ActiveCfg = Release|Any CPU
		{8E5F4DE7-9CB3-4BFD-88BA-99E3B50EFF5B}.Release|Any CPU.Build.0 = Release|Any CPU
		{7440A6CF-D2FF-4BE6-BF5D-526F17988B25}.Debug|Any CPU.ActiveCfg = Debug|Any CPU
		{7440A6CF-D2FF-4BE6-BF5D-526F17988B25}.Debug|Any CPU.Build.0 = Debug|Any CPU
		{7440A6CF-D2FF-4BE6-BF5D-526F17988B25}.Release|Any CPU.ActiveCfg = Release|Any CPU
		{7440A6CF-D2FF-4BE6-BF5D-526F17988B25}.Release|Any CPU.Build.0 = Release|Any CPU
		{BB55583F-EC78-4FD1-9752-83C69CE54D5B}.Debug|Any CPU.ActiveCfg = Debug|Any CPU
		{BB55583F-EC78-4FD1-9752-83C69CE54D5B}.Debug|Any CPU.Build.0 = Debug|Any CPU
		{BB55583F-EC78-4FD1-9752-83C69CE54D5B}.Release|Any CPU.ActiveCfg = Release|Any CPU
		{BB55583F-EC78-4FD1-9752-83C69CE54D5B}.Release|Any CPU.Build.0 = Release|Any CPU
		{BA29614B-F141-48BA-8C62-2FACCDBE52C7}.Debug|Any CPU.ActiveCfg = Debug|Any CPU
		{BA29614B-F141-48BA-8C62-2FACCDBE52C7}.Debug|Any CPU.Build.0 = Debug|Any CPU
		{BA29614B-F141-48BA-8C62-2FACCDBE52C7}.Release|Any CPU.ActiveCfg = Release|Any CPU
		{BA29614B-F141-48BA-8C62-2FACCDBE52C7}.Release|Any CPU.Build.0 = Release|Any CPU
		{3CCE7A02-12E1-4D92-A8C3-17978F0A27AB}.Debug|Any CPU.ActiveCfg = Debug|Any CPU
		{3CCE7A02-12E1-4D92-A8C3-17978F0A27AB}.Debug|Any CPU.Build.0 = Debug|Any CPU
		{3CCE7A02-12E1-4D92-A8C3-17978F0A27AB}.Release|Any CPU.ActiveCfg = Release|Any CPU
		{3CCE7A02-12E1-4D92-A8C3-17978F0A27AB}.Release|Any CPU.Build.0 = Release|Any CPU
		{168ABA98-B7DB-4406-BBB7-D9704F877CB4}.Debug|Any CPU.ActiveCfg = Debug|Any CPU
		{168ABA98-B7DB-4406-BBB7-D9704F877CB4}.Debug|Any CPU.Build.0 = Debug|Any CPU
		{168ABA98-B7DB-4406-BBB7-D9704F877CB4}.Release|Any CPU.ActiveCfg = Release|Any CPU
		{168ABA98-B7DB-4406-BBB7-D9704F877CB4}.Release|Any CPU.Build.0 = Release|Any CPU
		{6EEB85AA-01C6-43A5-BD46-AB638BA33440}.Debug|Any CPU.ActiveCfg = Debug|Any CPU
		{6EEB85AA-01C6-43A5-BD46-AB638BA33440}.Debug|Any CPU.Build.0 = Debug|Any CPU
		{6EEB85AA-01C6-43A5-BD46-AB638BA33440}.Release|Any CPU.ActiveCfg = Release|Any CPU
		{6EEB85AA-01C6-43A5-BD46-AB638BA33440}.Release|Any CPU.Build.0 = Release|Any CPU
		{6E560BA7-5B0E-45BF-9021-B1636B8054B9}.Debug|Any CPU.ActiveCfg = Debug|Any CPU
		{6E560BA7-5B0E-45BF-9021-B1636B8054B9}.Debug|Any CPU.Build.0 = Debug|Any CPU
		{6E560BA7-5B0E-45BF-9021-B1636B8054B9}.Release|Any CPU.ActiveCfg = Release|Any CPU
		{6E560BA7-5B0E-45BF-9021-B1636B8054B9}.Release|Any CPU.Build.0 = Release|Any CPU
		{9C1A11D4-7DFF-4A65-86CC-8FF5E4937DA8}.Debug|Any CPU.ActiveCfg = Debug|Any CPU
		{9C1A11D4-7DFF-4A65-86CC-8FF5E4937DA8}.Debug|Any CPU.Build.0 = Debug|Any CPU
		{9C1A11D4-7DFF-4A65-86CC-8FF5E4937DA8}.Release|Any CPU.ActiveCfg = Release|Any CPU
		{9C1A11D4-7DFF-4A65-86CC-8FF5E4937DA8}.Release|Any CPU.Build.0 = Release|Any CPU
		{614FB5EF-5D9D-445B-A184-FF8C97AB8664}.Debug|Any CPU.ActiveCfg = Debug|Any CPU
		{614FB5EF-5D9D-445B-A184-FF8C97AB8664}.Debug|Any CPU.Build.0 = Debug|Any CPU
		{614FB5EF-5D9D-445B-A184-FF8C97AB8664}.Release|Any CPU.ActiveCfg = Release|Any CPU
		{614FB5EF-5D9D-445B-A184-FF8C97AB8664}.Release|Any CPU.Build.0 = Release|Any CPU
		{0B70678E-0E83-439C-B0AE-66C7C357CA54}.Debug|Any CPU.ActiveCfg = Debug|Any CPU
		{0B70678E-0E83-439C-B0AE-66C7C357CA54}.Debug|Any CPU.Build.0 = Debug|Any CPU
		{0B70678E-0E83-439C-B0AE-66C7C357CA54}.Release|Any CPU.ActiveCfg = Release|Any CPU
		{0B70678E-0E83-439C-B0AE-66C7C357CA54}.Release|Any CPU.Build.0 = Release|Any CPU
		{85DA9747-A9DE-4574-A144-A41F3ADBC929}.Debug|Any CPU.ActiveCfg = Debug|Any CPU
		{85DA9747-A9DE-4574-A144-A41F3ADBC929}.Debug|Any CPU.Build.0 = Debug|Any CPU
		{85DA9747-A9DE-4574-A144-A41F3ADBC929}.Release|Any CPU.ActiveCfg = Release|Any CPU
		{85DA9747-A9DE-4574-A144-A41F3ADBC929}.Release|Any CPU.Build.0 = Release|Any CPU
		{05047118-38C3-43EB-A8E4-7FD2219EC8C5}.Debug|Any CPU.ActiveCfg = Debug|Any CPU
		{05047118-38C3-43EB-A8E4-7FD2219EC8C5}.Debug|Any CPU.Build.0 = Debug|Any CPU
		{05047118-38C3-43EB-A8E4-7FD2219EC8C5}.Release|Any CPU.ActiveCfg = Release|Any CPU
		{05047118-38C3-43EB-A8E4-7FD2219EC8C5}.Release|Any CPU.Build.0 = Release|Any CPU
		{297060DD-0161-41C8-8AB2-91D1AF1C8503}.Debug|Any CPU.ActiveCfg = Debug|Any CPU
		{297060DD-0161-41C8-8AB2-91D1AF1C8503}.Debug|Any CPU.Build.0 = Debug|Any CPU
		{297060DD-0161-41C8-8AB2-91D1AF1C8503}.Release|Any CPU.ActiveCfg = Release|Any CPU
		{297060DD-0161-41C8-8AB2-91D1AF1C8503}.Release|Any CPU.Build.0 = Release|Any CPU
		{9532F38B-9221-4D35-882E-F9CBF6D3BBFF}.Debug|Any CPU.ActiveCfg = Debug|Any CPU
		{9532F38B-9221-4D35-882E-F9CBF6D3BBFF}.Debug|Any CPU.Build.0 = Debug|Any CPU
		{9532F38B-9221-4D35-882E-F9CBF6D3BBFF}.Release|Any CPU.ActiveCfg = Release|Any CPU
		{9532F38B-9221-4D35-882E-F9CBF6D3BBFF}.Release|Any CPU.Build.0 = Release|Any CPU
		{0367EAC3-C9EA-464B-9AE2-63448C401C97}.Debug|Any CPU.ActiveCfg = Debug|Any CPU
		{0367EAC3-C9EA-464B-9AE2-63448C401C97}.Debug|Any CPU.Build.0 = Debug|Any CPU
		{0367EAC3-C9EA-464B-9AE2-63448C401C97}.Release|Any CPU.ActiveCfg = Release|Any CPU
		{0367EAC3-C9EA-464B-9AE2-63448C401C97}.Release|Any CPU.Build.0 = Release|Any CPU
		{1FA9D4DC-8D2B-4597-B62F-626DC55C17DE}.Debug|Any CPU.ActiveCfg = Debug|Any CPU
		{1FA9D4DC-8D2B-4597-B62F-626DC55C17DE}.Debug|Any CPU.Build.0 = Debug|Any CPU
		{1FA9D4DC-8D2B-4597-B62F-626DC55C17DE}.Release|Any CPU.ActiveCfg = Release|Any CPU
		{1FA9D4DC-8D2B-4597-B62F-626DC55C17DE}.Release|Any CPU.Build.0 = Release|Any CPU
		{69E6F8B4-EC7A-4077-B7E9-F2B13BFF0B94}.Debug|Any CPU.ActiveCfg = Debug|Any CPU
		{69E6F8B4-EC7A-4077-B7E9-F2B13BFF0B94}.Debug|Any CPU.Build.0 = Debug|Any CPU
		{69E6F8B4-EC7A-4077-B7E9-F2B13BFF0B94}.Release|Any CPU.ActiveCfg = Release|Any CPU
		{69E6F8B4-EC7A-4077-B7E9-F2B13BFF0B94}.Release|Any CPU.Build.0 = Release|Any CPU
		{361A5B15-CFE6-4697-8764-319B4A2842F4}.Debug|Any CPU.ActiveCfg = Debug|Any CPU
		{361A5B15-CFE6-4697-8764-319B4A2842F4}.Debug|Any CPU.Build.0 = Debug|Any CPU
		{361A5B15-CFE6-4697-8764-319B4A2842F4}.Release|Any CPU.ActiveCfg = Release|Any CPU
		{361A5B15-CFE6-4697-8764-319B4A2842F4}.Release|Any CPU.Build.0 = Release|Any CPU
	EndGlobalSection
	GlobalSection(SolutionProperties) = preSolution
		HideSolutionNode = FALSE
	EndGlobalSection
EndGlobal
