
Microsoft Visual Studio Solution File, Format Version 12.00
# Visual Studio 14
VisualStudioVersion = 14.0.25420.1
MinimumVisualStudioVersion = 10.0.40219.1
Project("{FAE04EC0-301F-11D3-BF4B-00C04F79EFBC}") = "OddOccurences", "OddOccurences\OddOccurences.csproj", "{E92989C0-1EBB-405E-9689-F3DCA0750FD4}"
EndProject
Project("{FAE04EC0-301F-11D3-BF4B-00C04F79EFBC}") = "CountRealNumbers", "CountRealNumbers\CountRealNumbers.csproj", "{28D2BEAB-46A0-4FC7-85A7-7C98E6027C0D}"
EndProject
Project("{FAE04EC0-301F-11D3-BF4B-00C04F79EFBC}") = "SumMinMaxAverage", "SumMinMaxAverage\SumMinMaxAverage.csproj", "{C6A069E1-A59B-407B-9315-56D591F0FADD}"
EndProject
Project("{FAE04EC0-301F-11D3-BF4B-00C04F79EFBC}") = "Largest 3 Numbers", "Largest 3 Numbers\Largest 3 Numbers.csproj", "{7884AA8A-8925-42EB-ABDB-FC81CBCFA0C7}"
EndProject
Project("{FAE04EC0-301F-11D3-BF4B-00C04F79EFBC}") = "ShortWordsSorted", "ShortWordsSorted\ShortWordsSorted.csproj", "{9871F31F-19A0-4F8F-B430-35DD057DAB9B}"
EndProject
Project("{FAE04EC0-301F-11D3-BF4B-00C04F79EFBC}") = "FoldAndSum", "FoldAndSum\FoldAndSum.csproj", "{E1D7F261-7AA0-4AD9-9C2C-8DD538EE430F}"
EndProject
Project("{FAE04EC0-301F-11D3-BF4B-00C04F79EFBC}") = "PopulationCounter", "PopulationCounter\PopulationCounter.csproj", "{EA003ADA-D4C6-438F-B449-2CEDA7DE75B1}"
EndProject
Global
	GlobalSection(SolutionConfigurationPlatforms) = preSolution
		Debug|Any CPU = Debug|Any CPU
		Release|Any CPU = Release|Any CPU
	EndGlobalSection
	GlobalSection(ProjectConfigurationPlatforms) = postSolution
		{E92989C0-1EBB-405E-9689-F3DCA0750FD4}.Debug|Any CPU.ActiveCfg = Debug|Any CPU
		{E92989C0-1EBB-405E-9689-F3DCA0750FD4}.Debug|Any CPU.Build.0 = Debug|Any CPU
		{E92989C0-1EBB-405E-9689-F3DCA0750FD4}.Release|Any CPU.ActiveCfg = Release|Any CPU
		{E92989C0-1EBB-405E-9689-F3DCA0750FD4}.Release|Any CPU.Build.0 = Release|Any CPU
		{28D2BEAB-46A0-4FC7-85A7-7C98E6027C0D}.Debug|Any CPU.ActiveCfg = Debug|Any CPU
		{28D2BEAB-46A0-4FC7-85A7-7C98E6027C0D}.Debug|Any CPU.Build.0 = Debug|Any CPU
		{28D2BEAB-46A0-4FC7-85A7-7C98E6027C0D}.Release|Any CPU.ActiveCfg = Release|Any CPU
		{28D2BEAB-46A0-4FC7-85A7-7C98E6027C0D}.Release|Any CPU.Build.0 = Release|Any CPU
		{C6A069E1-A59B-407B-9315-56D591F0FADD}.Debug|Any CPU.ActiveCfg = Debug|Any CPU
		{C6A069E1-A59B-407B-9315-56D591F0FADD}.Debug|Any CPU.Build.0 = Debug|Any CPU
		{C6A069E1-A59B-407B-9315-56D591F0FADD}.Release|Any CPU.ActiveCfg = Release|Any CPU
		{C6A069E1-A59B-407B-9315-56D591F0FADD}.Release|Any CPU.Build.0 = Release|Any CPU
		{7884AA8A-8925-42EB-ABDB-FC81CBCFA0C7}.Debug|Any CPU.ActiveCfg = Debug|Any CPU
		{7884AA8A-8925-42EB-ABDB-FC81CBCFA0C7}.Debug|Any CPU.Build.0 = Debug|Any CPU
		{7884AA8A-8925-42EB-ABDB-FC81CBCFA0C7}.Release|Any CPU.ActiveCfg = Release|Any CPU
		{7884AA8A-8925-42EB-ABDB-FC81CBCFA0C7}.Release|Any CPU.Build.0 = Release|Any CPU
		{9871F31F-19A0-4F8F-B430-35DD057DAB9B}.Debug|Any CPU.ActiveCfg = Debug|Any CPU
		{9871F31F-19A0-4F8F-B430-35DD057DAB9B}.Debug|Any CPU.Build.0 = Debug|Any CPU
		{9871F31F-19A0-4F8F-B430-35DD057DAB9B}.Release|Any CPU.ActiveCfg = Release|Any CPU
		{9871F31F-19A0-4F8F-B430-35DD057DAB9B}.Release|Any CPU.Build.0 = Release|Any CPU
		{E1D7F261-7AA0-4AD9-9C2C-8DD538EE430F}.Debug|Any CPU.ActiveCfg = Debug|Any CPU
		{E1D7F261-7AA0-4AD9-9C2C-8DD538EE430F}.Debug|Any CPU.Build.0 = Debug|Any CPU
		{E1D7F261-7AA0-4AD9-9C2C-8DD538EE430F}.Release|Any CPU.ActiveCfg = Release|Any CPU
		{E1D7F261-7AA0-4AD9-9C2C-8DD538EE430F}.Release|Any CPU.Build.0 = Release|Any CPU
		{EA003ADA-D4C6-438F-B449-2CEDA7DE75B1}.Debug|Any CPU.ActiveCfg = Debug|Any CPU
		{EA003ADA-D4C6-438F-B449-2CEDA7DE75B1}.Debug|Any CPU.Build.0 = Debug|Any CPU
		{EA003ADA-D4C6-438F-B449-2CEDA7DE75B1}.Release|Any CPU.ActiveCfg = Release|Any CPU
		{EA003ADA-D4C6-438F-B449-2CEDA7DE75B1}.Release|Any CPU.Build.0 = Release|Any CPU
	EndGlobalSection
	GlobalSection(SolutionProperties) = preSolution
		HideSolutionNode = FALSE
	EndGlobalSection
EndGlobal
