
Microsoft Visual Studio Solution File, Format Version 12.00
# Visual Studio 14
VisualStudioVersion = 14.0.25420.1
MinimumVisualStudioVersion = 10.0.40219.1
Project("{FAE04EC0-301F-11D3-BF4B-00C04F79EFBC}") = "SinoTheWalker", "SinoTheWalker\SinoTheWalker.csproj", "{F6ED6BDB-EC3C-4EC8-9C8D-3E39A2DAAA83}"
EndProject
Project("{FAE04EC0-301F-11D3-BF4B-00C04F79EFBC}") = "SoftUniKaraoke", "SoftUniKaraoke\SoftUniKaraoke.csproj", "{3541B66F-638B-4859-9C67-ED9500DA0130}"
EndProject
Project("{FAE04EC0-301F-11D3-BF4B-00C04F79EFBC}") = "EnduranceRally", "EnduranceRally\EnduranceRally.csproj", "{8BE4A35A-A925-4BF8-A18C-38CA19FD489C}"
EndProject
Project("{FAE04EC0-301F-11D3-BF4B-00C04F79EFBC}") = "WiningTicket", "WiningTicket\WiningTicket.csproj", "{91F6F226-3758-4541-9EB5-2F9C1700A026}"
EndProject
Project("{FAE04EC0-301F-11D3-BF4B-00C04F79EFBC}") = "Test", "Test\Test.csproj", "{B1E9A3A2-248B-4F60-A04A-D0EC6829BDA6}"
EndProject
Global
	GlobalSection(SolutionConfigurationPlatforms) = preSolution
		Debug|Any CPU = Debug|Any CPU
		Release|Any CPU = Release|Any CPU
	EndGlobalSection
	GlobalSection(ProjectConfigurationPlatforms) = postSolution
		{F6ED6BDB-EC3C-4EC8-9C8D-3E39A2DAAA83}.Debug|Any CPU.ActiveCfg = Debug|Any CPU
		{F6ED6BDB-EC3C-4EC8-9C8D-3E39A2DAAA83}.Debug|Any CPU.Build.0 = Debug|Any CPU
		{F6ED6BDB-EC3C-4EC8-9C8D-3E39A2DAAA83}.Release|Any CPU.ActiveCfg = Release|Any CPU
		{F6ED6BDB-EC3C-4EC8-9C8D-3E39A2DAAA83}.Release|Any CPU.Build.0 = Release|Any CPU
		{3541B66F-638B-4859-9C67-ED9500DA0130}.Debug|Any CPU.ActiveCfg = Debug|Any CPU
		{3541B66F-638B-4859-9C67-ED9500DA0130}.Debug|Any CPU.Build.0 = Debug|Any CPU
		{3541B66F-638B-4859-9C67-ED9500DA0130}.Release|Any CPU.ActiveCfg = Release|Any CPU
		{3541B66F-638B-4859-9C67-ED9500DA0130}.Release|Any CPU.Build.0 = Release|Any CPU
		{8BE4A35A-A925-4BF8-A18C-38CA19FD489C}.Debug|Any CPU.ActiveCfg = Debug|Any CPU
		{8BE4A35A-A925-4BF8-A18C-38CA19FD489C}.Debug|Any CPU.Build.0 = Debug|Any CPU
		{8BE4A35A-A925-4BF8-A18C-38CA19FD489C}.Release|Any CPU.ActiveCfg = Release|Any CPU
		{8BE4A35A-A925-4BF8-A18C-38CA19FD489C}.Release|Any CPU.Build.0 = Release|Any CPU
		{91F6F226-3758-4541-9EB5-2F9C1700A026}.Debug|Any CPU.ActiveCfg = Debug|Any CPU
		{91F6F226-3758-4541-9EB5-2F9C1700A026}.Debug|Any CPU.Build.0 = Debug|Any CPU
		{91F6F226-3758-4541-9EB5-2F9C1700A026}.Release|Any CPU.ActiveCfg = Release|Any CPU
		{91F6F226-3758-4541-9EB5-2F9C1700A026}.Release|Any CPU.Build.0 = Release|Any CPU
		{B1E9A3A2-248B-4F60-A04A-D0EC6829BDA6}.Debug|Any CPU.ActiveCfg = Debug|Any CPU
		{B1E9A3A2-248B-4F60-A04A-D0EC6829BDA6}.Debug|Any CPU.Build.0 = Debug|Any CPU
		{B1E9A3A2-248B-4F60-A04A-D0EC6829BDA6}.Release|Any CPU.ActiveCfg = Release|Any CPU
		{B1E9A3A2-248B-4F60-A04A-D0EC6829BDA6}.Release|Any CPU.Build.0 = Release|Any CPU
	EndGlobalSection
	GlobalSection(SolutionProperties) = preSolution
		HideSolutionNode = FALSE
	EndGlobalSection
EndGlobal
